version = 1
revision = 1
requires-python = "==3.12.*"

[[package]]
name = "agents-playground"
version = "0.1.0"
source = { virtual = "." }
dependencies = [
    { name = "openai" },
    { name = "python-dotenv" },
]

[package.metadata]
requires-dist = [
    { name = "openai", specifier = ">=2.0.0" },
    { name = "python-dotenv", specifier = ">=1.0.1" },
]

[[package]]
name = "annotated-types"
version = "0.7.0"
source = { registry = "https://pypi.org/simple" }
sdist = { url = "https://files.pythonhosted.org/packages/ee/67/531ea369ba64dcff5ec9c3402f9f51bf748cec26dde048a2f973a4eea7f5/annotated_types-0.7.0.tar.gz", hash = "sha256:aff07c09a53a08bc8cfccb9c85b05f1aa9a2a6f23728d790723543408344ce89", size = 16081 }
wheels = [
    { url = "https://files.pythonhosted.org/packages/78/b6/6307fbef88d9b5ee7421e68d78a9f162e0da4900bc5f5793f6d3d0e34fb8/annotated_types-0.7.0-py3-none-any.whl", hash = "sha256:1f02e8b43a8fbbc3f3e0d4f0f4bfc8131bcb4eebe8849b8e5c773f3a1c582a53", size = 13643 },
]

[[package]]
name = "anyio"
version = "4.13.0"
source = { registry = "https://pypi.org/simple" }
dependencies = [
    { name = "idna" },
    { name = "typing-extensions" },
]
sdist = { url = "https://files.pythonhosted.org/packages/19/14/2c5dd9f512b66549ae92767a9c7b330ae88e1932ca57876909410251fe13/anyio-4.13.0.tar.gz", hash = "sha256:334b70e641fd2221c1505b3890c69882fe4a2df910cba14d97019b90b24439dc", size = 231622 }
wheels = [
    { url = "https://files.pythonhosted.org/packages/da/42/e921fccf5015463e32a3cf6ee7f980a6ed0f395ceeaa45060b61d86486c2/anyio-4.13.0-py3-none-any.whl", hash = "sha256:08b310f9e24a9594186fd75b4f73f4a4152069e3853f1ed8bfbf58369f4ad708", size = 114353 },
]

[[package]]
name = "certifi"
version = "2026.2.25"
source = { registry = "https://pypi.org/simple" }
sdist = { url = "https://files.pythonhosted.org/packages/af/2d/7bf41579a8986e348fa033a31cdd0e4121114f6bce2457e8876010b092dd/certifi-2026.2.25.tar.gz", hash = "sha256:e887ab5cee78ea814d3472169153c2d12cd43b14bd03329a39a9c6e2e80bfba7", size = 155029 }
wheels = [
    { url = "https://files.pythonhosted.org/packages/9a/3c/c17fb3ca2d9c3acff52e30b309f538586f9f5b9c9cf454f3845fc9af4881/certifi-2026.2.25-py3-none-any.whl", hash = "sha256:027692e4402ad994f1c42e52a4997a9763c646b73e4096e4d5d6db8af1d6f0fa", size = 153684 },
]

[[package]]
name = "colorama"
version = "0.4.6"
source = { registry = "https://pypi.org/simple" }
sdist = { url = "https://files.pythonhosted.org/packages/d8/53/6f443c9a4a8358a93a6792e2acffb9d9d5cb0a5cfd8802644b7b1c9a02e4/colorama-0.4.6.tar.gz", hash = "sha256:08695f5cb7ed6e0531a20572697297273c47b8cae5a63ffc6d6ed5c201be6e44", size = 27697 }
wheels = [
    { url = "https://files.pythonhosted.org/packages/d1/d6/3965ed04c63042e047cb6a3e6ed1a63a35087b6a609aa3a15ed8ac56c221/colorama-0.4.6-py2.py3-none-any.whl", hash = "sha256:4f1d9991f5acc0ca119f9d443620b77f9d6b33703e51011c16baf57afb285fc6", size = 25335 },
]

[[package]]
name = "distro"
version = "1.9.0"
source = { registry = "https://pypi.org/simple" }
sdist = { url = "https://files.pythonhosted.org/packages/fc/f8/98eea607f65de6527f8a2e8885fc8015d3e6f5775df186e443e0964a11c3/distro-1.9.0.tar.gz", hash = "sha256:2fa77c6fd8940f116ee1d6b94a2f90b13b5ea8d019b98bc8bafdcabcdd9bdbed", size = 60722 }
wheels = [
    { url = "https://files.pythonhosted.org/packages/12/b3/231ffd4ab1fc9d679809f356cebee130ac7daa00d6d6f3206dd4fd137e9e/distro-1.9.0-py3-none-any.whl", hash = "sha256:7bffd925d65168f85027d8da9af6bddab658135b840670a223589bc0c8ef02b2", size = 20277 },
]

[[package]]
name = "h11"
version = "0.16.0"
source = { registry = "https://pypi.org/simple" }
sdist = { url = "https://files.pythonhosted.org/packages/01/ee/02a2c011bdab74c6fb3c75474d40b3052059d95df7e73351460c8588d963/h11-0.16.0.tar.gz", hash = "sha256:4e35b956cf45792e4caa5885e69fba00bdbc6ffafbfa020300e549b208ee5ff1", size = 101250 }
wheels = [
    { url = "https://files.pythonhosted.org/packages/04/4b/29cac41a4d98d144bf5f6d33995617b185d14b22401f75ca86f384e87ff1/h11-0.16.0-py3-none-any.whl", hash = "sha256:63cf8bbe7522de3bf65932fda1d9c2772064ffb3dae62d55932da54b31cb6c86", size = 37515 },
]

[[package]]
name = "httpcore"
version = "1.0.9"
source = { registry = "https://pypi.org/simple" }
dependencies = [
    { name = "certifi" },
    { name = "h11" },
]
sdist = { url = "https://files.pythonhosted.org/packages/06/94/82699a10bca87a5556c9c59b5963f2d039dbd239f25bc2a63907a05a14cb/httpcore-1.0.9.tar.gz", hash = "sha256:6e34463af53fd2ab5d807f399a9b45ea31c3dfa2276f15a2c3f00afff6e176e8", size = 85484 }
wheels = [
    { url = "https://files.pythonhosted.org/packages/7e/f5/f66802a942d491edb555dd61e3a9961140fd64c90bce1eafd741609d334d/httpcore-1.0.9-py3-none-any.whl", hash = "sha256:2d400746a40668fc9dec9810239072b40b4484b640a8c38fd654a024c7a1bf55", size = 78784 },
]

[[package]]
name = "httpx"
version = "0.28.1"
source = { registry = "https://pypi.org/simple" }
dependencies = [
    { name = "anyio" },
    { name = "certifi" },
    { name = "httpcore" },
    { name = "idna" },
]
sdist = { url = "https://files.pythonhosted.org/packages/b1/df/48c586a5fe32a0f01324ee087459e112ebb7224f646c0b5023f5e79e9956/httpx-0.28.1.tar.gz", hash = "sha256:75e98c5f16b0f35b567856f597f06ff2270a374470a5c2392242528e3e3e42fc", size = 141406 }
wheels = [
    { url = "https://files.pythonhosted.org/packages/2a/39/e50c7c3a983047577ee07d2a9e53faf5a69493943ec3f6a384bdc792deb2/httpx-0.28.1-py3-none-any.whl", hash = "sha256:d909fcccc110f8c7faf814ca82a9a4d816bc5a6dbfea25d6591d6985b8ba59ad", size = 73517 },
]

[[package]]
name = "idna"
version = "3.11"
source = { registry = "https://pypi.org/simple" }
sdist = { url = "https://files.pythonhosted.org/packages/6f/6d/0703ccc57f3a7233505399edb88de3cbd678da106337b9fcde432b65ed60/idna-3.11.tar.gz", hash = "sha256:795dafcc9c04ed0c1fb032c2aa73654d8e8c5023a7df64a53f39190ada629902", size = 194582 }
wheels = [
    { url = "https://files.pythonhosted.org/packages/0e/61/66938bbb5fc52dbdf84594873d5b51fb1f7c7794e9c0f5bd885f30bc507b/idna-3.11-py3-none-any.whl", hash = "sha256:771a87f49d9defaf64091e6e6fe9c18d4833f140bd19464795bc32d966ca37ea", size = 71008 },
]

[[package]]
name = "jiter"
version = "0.14.0"
source = { registry = "https://pypi.org/simple" }
sdist = { url = "https://files.pythonhosted.org/packages/6e/c1/0cddc6eb17d4c53a99840953f95dd3accdc5cfc7a337b0e9b26476276be9/jiter-0.14.0.tar.gz", hash = "sha256:e8a39e66dac7153cf3f964a12aad515afa8d74938ec5cc0018adcdae5367c79e", size = 165725 }
wheels = [
    { url = "https://files.pythonhosted.org/packages/5a/68/7390a418f10897da93b158f2d5a8bd0bcd73a0f9ec3bb36917085bb759ef/jiter-0.14.0-cp312-cp312-macosx_10_12_x86_64.whl", hash = "sha256:2fb2ce3a7bc331256dfb14cefc34832366bb28a9aca81deaf43bbf2a5659e607", size = 316295 },
    { url = "https://files.pythonhosted.org/packages/60/a0/5854ac00ff63551c52c6c89534ec6aba4b93474e7924d64e860b1c94165b/jiter-0.14.0-cp312-cp312-macosx_11_0_arm64.whl", hash = "sha256:5252a7ca23785cef5d02d4ece6077a1b556a410c591b379f82091c3001e14844", size = 315898 },
    { url = "https://files.pythonhosted.org/packages/41/a1/4f44832650a16b18e8391f1bf1d6ca4909bc738351826bcc198bba4357f4/jiter-0.14.0-cp312-cp312-manylinux_2_17_aarch64.manylinux2014_aarch64.whl", hash = "sha256:c409578cbd77c338975670ada777add4efd53379667edf0aceea730cabede6fb", size = 343730 },
    { url = "https://files.pythonhosted.org/packages/48/64/a329e9d469f86307203594b1707e11ae51c3348d03bfd514a5f997870012/jiter-0.14.0-cp312-cp312-manylinux_2_17_armv7l.manylinux2014_armv7l.whl", hash = "sha256:7ede4331a1899d604463369c730dbb961ffdc5312bc7f16c41c2896415b1304a", size = 370102 },
    { url = "https://files.pythonhosted.org/packages/94/c1/5e3dfc59635aa4d4c7bd20a820ac1d09b8ed851568356802cf1c08edb3cf/jiter-0.14.0-cp312-cp312-manylinux_2_17_ppc64le.manylinux2014_ppc64le.whl", hash = "sha256:92cd8b6025981a041f5310430310b55b25ca593972c16407af8837d3d7d2ca01", size = 461335 },
    { url = "https://files.pythonhosted.org/packages/e3/1b/dd157009dbc058f7b00108f545ccb72a2d56461395c4fc7b9cfdccb00af4/jiter-0.14.0-cp312-cp312-manylinux_2_17_s390x.manylinux2014_s390x.whl", hash = "sha256:351bf6eda4e3a7ceb876377840c702e9a3e4ecc4624dbfb2d6463c67ae52637d", size = 378536 },
    { url = "https://files.pythonhosted.org/packages/91/78/256013667b7c10b8834f8e6e54cd3e562d4c6e34227a1596addccc05e38c/jiter-0.14.0-cp312-cp312-manylinux_2_17_x86_64.manylinux2014_x86_64.whl", hash = "sha256:c1dcfbeb93d9ecd9ca128bbf8910120367777973fa193fb9a39c31237d8df165", size = 353859 },
    { url = "https://files.pythonhosted.org/packages/de/d9/137d65ade9093a409fe80955ce60b12bb753722c986467aeda47faf450ad/jiter-0.14.0-cp312-cp312-manylinux_2_31_riscv64.whl", hash = "sha256:ae039aaef8de3f8157ecc1fdd4d85043ac4f57538c245a0afaecb8321ec951c3", size = 357626 },
    { url = "https://files.pythonhosted.org/packages/2e/48/76750835b87029342727c1a268bea8878ab988caf81ee4e7b880900eeb5a/jiter-0.14.0-cp312-cp312-manylinux_2_5_i686.manylinux1_i686.whl", hash = "sha256:7d9d51eb96c82a9652933bd769fe6de66877d6eb2b2440e281f2938c51b5643e", size = 393172 },
    { url = "https://files.pythonhosted.org/packages/a6/60/456c4e81d5c8045279aefe60e9e483be08793828800a4e64add8fdde7f2a/jiter-0.14.0-cp312-cp312-musllinux_1_1_aarch64.whl", hash = "sha256:d824ca4148b705970bf4e120924a212fdfca9859a73e42bd7889a63a4ea6bb98", size = 520300 },
    { url = "https://files.pythonhosted.org/packages/a8/9f/2020e0984c235f678dced38fe4eec3058cf528e6af36ebf969b410305941/jiter-0.14.0-cp312-cp312-musllinux_1_1_x86_64.whl", hash = "sha256:ff3a6465b3a0f54b1a430f45c3c0ba7d61ceb45cbc3e33f9e1a7f638d690baf3", size = 553059 },
    { url = "https://files.pythonhosted.org/packages/ef/32/e2d298e1a22a4bbe6062136d1c7192db7dba003a6975e51d9a9eecabc4c2/jiter-0.14.0-cp312-cp312-win32.whl", hash = "sha256:5dec7c0a3e98d2a3f8a2e67382d0d7c3ac60c69103a4b271da889b4e8bb1e129", size = 206030 },
    { url = "https://files.pythonhosted.org/packages/36/ac/96369141b3d8a4a8e4590e983085efe1c436f35c0cda940dd76d942e3e40/jiter-0.14.0-cp312-cp312-win_amd64.whl", hash = "sha256:fc7e37b4b8bc7e80a63ad6cfa5fc11fab27dbfea4cc4ae644b1ab3f273dc348f", size = 201603 },
    { url = "https://files.pythonhosted.org/packages/01/c3/75d847f264647017d7e3052bbcc8b1e24b95fa139c320c5f5066fa7a0bdd/jiter-0.14.0-cp312-cp312-win_arm64.whl", hash = "sha256:ee4a72f12847ef29b072aee9ad5474041ab2924106bdca9fcf5d7d965853e057", size = 191525 },
    { url = "https://files.pythonhosted.org/packages/21/42/9042c3f3019de4adcb8c16591c325ec7255beea9fcd33a42a43f3b0b1000/jiter-0.14.0-graalpy312-graalpy250_312_native-macosx_10_12_x86_64.whl", hash = "sha256:fbd9e482663ca9d005d051330e4d2d8150bb208a209409c10f7e7dfdf7c49da9", size = 308810 },
    { url = "https://files.pythonhosted.org/packages/60/cf/a7e19b308bd86bb04776803b1f01a5f9a287a4c55205f4708827ee487fbf/jiter-0.14.0-graalpy312-graalpy250_312_native-macosx_11_0_arm64.whl", hash = "sha256:33a20d838b91ef376b3a56896d5b04e725c7df5bc4864cc6569cf046a8d73b6d", size = 308443 },
    { url = "https://files.pythonhosted.org/packages/ca/44/e26ede3f0caeff93f222559cb0cc4ca68579f07d009d7b6010c5b586f9b1/jiter-0.14.0-graalpy312-graalpy250_312_native-manylinux_2_17_aarch64.manylinux2014_aarch64.whl", hash = "sha256:432c4db5255d86a259efde91e55cb4c8d18c0521d844c9e2e7efcce3899fb016", size = 343039 },
    { url = "https://files.pythonhosted.org/packages/da/e9/1f9ada30cef7b05e74bb06f52127e7a724976c225f46adb65c37b1dadfb6/jiter-0.14.0-graalpy312-graalpy250_312_native-manylinux_2_17_x86_64.manylinux2014_x86_64.whl", hash = "sha256:67f00d94b281174144d6532a04b66a12cb866cbdc47c3af3bfe2973677f9861a", size = 349613 },
]

[[package]]
name = "openai"
version = "2.32.0"
source = { registry = "https://pypi.org/simple" }
dependencies = [
    { name = "anyio" },
    { name = "distro" },
    { name = "httpx" },
    { name = "jiter" },
    { name = "pydantic" },
    { name = "sniffio" },
    { name = "tqdm" },
    { name = "typing-extensions" },
]
sdist = { url = "https://files.pythonhosted.org/packages/ed/59/bdcc6b759b8c42dd73afaf5bf8f902c04b37987a5514dbc1c64dba390fef/openai-2.32.0.tar.gz", hash = "sha256:c54b27a9e4cb8d51f0dd94972ffd1a04437efeb259a9e60d8922b8bd26fe55e0", size = 693286 }
wheels = [
    { url = "https://files.pythonhosted.org/packages/1e/c1/d6e64ccd0536bf616556f0cad2b6d94a8125f508d25cfd814b1d2db4e2f1/openai-2.32.0-py3-none-any.whl", hash = "sha256:4dcc9badeb4bf54ad0d187453742f290226d30150890b7890711bda4f32f192f", size = 1162570 },
]

[[package]]
name = "pydantic"
version = "2.13.2"
source = { registry = "https://pypi.org/simple" }
dependencies = [
    { name = "annotated-types" },
    { name = "pydantic-core" },
    { name = "typing-extensions" },
    { name = "typing-inspection" },
]
sdist = { url = "https://files.pythonhosted.org/packages/09/e5/06d23afac9973109d1e3c8ad38e1547a12e860610e327c05ee686827dc37/pydantic-2.13.2.tar.gz", hash = "sha256:b418196607e61081c3226dcd4f0672f2a194828abb9109e9cfb84026564df2d1", size = 843836 }
wheels = [
    { url = "https://files.pythonhosted.org/packages/77/ca/b45c378e6e8d0b90577288b533e04e95b7afd61bb1d51b6c263176435489/pydantic-2.13.2-py3-none-any.whl", hash = "sha256:a525087f4c03d7e7456a3de89b64cd693d2229933bb1068b9af6befd5563694e", size = 471947 },
]

[[package]]
name = "pydantic-core"
version = "2.46.2"
source = { registry = "https://pypi.org/simple" }
dependencies = [
    { name = "typing-extensions" },
]
sdist = { url = "https://files.pythonhosted.org/packages/43/bb/4742f05b739b2478459bb16fa8470549518c802e06ddcf3f106c5081315e/pydantic_core-2.46.2.tar.gz", hash = "sha256:37bb079f9ee3f1a519392b73fda2a96379b31f2013c6b467fe693e7f2987f596", size = 471269 }
wheels = [
    { url = "https://files.pythonhosted.org/packages/97/ec/2fafa4c86f5d2a69372c7cddef30925fd0e370b1efaf556609c1a0196d8a/pydantic_core-2.46.2-cp312-cp312-macosx_10_12_x86_64.whl", hash = "sha256:ea1ad8c89da31512fe2d249cf0638fb666925bda341901541bc5f3311c6fcc9e", size = 2101729 },
    { url = "https://files.pythonhosted.org/packages/cf/55/be5386c2c4b49af346e8a26b748194ff25757bbb6cf544130854e997af7a/pydantic_core-2.46.2-cp312-cp312-macosx_11_0_arm64.whl", hash = "sha256:b308da17b92481e0587244631c5529e5d91d04cb2b08194825627b1eca28e21e", size = 1951546 },
    { url = "https://files.pythonhosted.org/packages/29/92/89e273a055ce440e6636c756379af35ad86da9d336a560049c3ba5e41c80/pydantic_core-2.46.2-cp312-cp312-manylinux_2_17_aarch64.manylinux2014_aarch64.whl", hash = "sha256:d333a50bdd814a917d8d6a7ee35ba2395d53ddaa882613bc24e54a9d8b129095", size = 1976178 },
    { url = "https://files.pythonhosted.org/packages/91/b3/e4664469cf70c0cb0f7b2f5719d64e5968bb6f38217042c2afa3d3c4ba17/pydantic_core-2.46.2-cp312-cp312-manylinux_2_17_armv7l.manylinux2014_armv7l.whl", hash = "sha256:1d00b99590c5bd1fabbc5d28b170923e32c1b1071b1f1de1851a4d14d89eb192", size = 2051697 },
    { url = "https://files.pythonhosted.org/packages/98/58/dbf68213ee06ce51cdd6d8c95f97980e646858c45bd96bd2dfb40433be73/pydantic_core-2.46.2-cp312-cp312-manylinux_2_17_ppc64le.manylinux2014_ppc64le.whl", hash = "sha256:9f0e686960ffe9e65066395af856ac2d52c159043144433602c50c221d81c1ba", size = 2233160 },
    { url = "https://files.pythonhosted.org/packages/f5/d3/68092aa0ee6c60ff4de4740eb82db3d4ce338ec89b3cecb978c532472f12/pydantic_core-2.46.2-cp312-cp312-manylinux_2_17_s390x.manylinux2014_s390x.whl", hash = "sha256:2d1128da41c9cb474e0a4701f9c363ec645c9d1a02229904c76bf4e0a194fde2", size = 2298398 },
    { url = "https://files.pythonhosted.org/packages/e4/51/5d6155eb737db55b0ad354ca5f333ef009f75feb67df2d79a84bace45af6/pydantic_core-2.46.2-cp312-cp312-manylinux_2_17_x86_64.manylinux2014_x86_64.whl", hash = "sha256:48649cf2d8c358d79586e9fb2f8235902fcaa2d969ec1c5301f2d1873b2f8321", size = 2094058 },
    { url = "https://files.pythonhosted.org/packages/6b/f3/eb4a986197d71319430464ff181226c95adc8f06d932189b158bae5a82f5/pydantic_core-2.46.2-cp312-cp312-manylinux_2_31_riscv64.whl", hash = "sha256:b902f0fc7c2cf503865a05718b68147c6cd5d0a3867af38c527be574a9fa6e9d", size = 2130388 },
    { url = "https://files.pythonhosted.org/packages/56/00/44a9c4fe6d0f64b5786d6a8c649d6f0e34ba6c89b3663add1066e54451a2/pydantic_core-2.46.2-cp312-cp312-manylinux_2_5_i686.manylinux1_i686.whl", hash = "sha256:e80011f808b03d1d87a8f1e76ae3da19a18eb706c823e17981dcf1fae43744fc", size = 2184245 },
    { url = "https://files.pythonhosted.org/packages/78/6b/685b98a834d5e3d1c34a1bde1627525559dd223b75075bc7490cdb24eb33/pydantic_core-2.46.2-cp312-cp312-musllinux_1_1_aarch64.whl", hash = "sha256:b839d5c802e31348b949b6473f8190cddbf7d47475856d8ac995a373ee16ec59", size = 2186842 },
    { url = "https://files.pythonhosted.org/packages/22/64/caa2f5a2ac8b6113adaa410ccdf31ba7f54897a6e54cd0d726fc7e780c88/pydantic_core-2.46.2-cp312-cp312-musllinux_1_1_armv7l.whl", hash = "sha256:c6b1064f3f9cf9072e1d59dd2936f9f3b668bec1c37039708c9222db703c0d5b", size = 2336066 },
    { url = "https://files.pythonhosted.org/packages/ee/f9/7d2701bf82945b5b9e7df8347be97ef6a36da2846bfe5b4afec299ffe27b/pydantic_core-2.46.2-cp312-cp312-musllinux_1_1_x86_64.whl", hash = "sha256:37a68e6f2ac95578ce3c0564802404b27b24988649616e556c07e77111ed3f1d", size = 2363691 },
    { url = "https://files.pythonhosted.org/packages/3b/65/0dab11574101522941055109419db3cc09db871643dc3fc74e2413215e5b/pydantic_core-2.46.2-cp312-cp312-win32.whl", hash = "sha256:d9ffa75a7ef4b97d6e5e205fabd4304ef01fec09e6f1bdde04b9ad1b07d20289", size = 1958801 },
    { url = "https://files.pythonhosted.org/packages/13/2b/df84baa609c676f6450b8ecad44ea59146c805e3371b7b52443c0899f989/pydantic_core-2.46.2-cp312-cp312-win_amd64.whl", hash = "sha256:0551f2d2ddb68af5a00e26497f8025c538f73ef3cb698f8e5a487042cd2792a8", size = 2072634 },
    { url = "https://files.pythonhosted.org/packages/d1/4e/e1ce8029fc438086a946739bf9d596f70ff470aad4a8345555920618cabe/pydantic_core-2.46.2-cp312-cp312-win_arm64.whl", hash = "sha256:83aef30f106edcc21a6a4cc44b82d3169a1dbe255508db788e778f3c804d3583", size = 2026188 },
    { url = "https://files.pythonhosted.org/packages/f3/d2/66c146f421178641bda880b0267c0d57dd84f5fec9ecc8e46be17b480742/pydantic_core-2.46.2-graalpy312-graalpy250_312_native-macosx_10_12_x86_64.whl", hash = "sha256:e9fcabd1857492b5bf16f90258babde50f618f55d046b1309972da2396321ff9", size = 2091621 },
    { url = "https://files.pythonhosted.org/packages/ee/b2/c28419aa9fc8055f4ac8e801d1d11c6357351bfa4321ed9bafab3eb98087/pydantic_core-2.46.2-graalpy312-graalpy250_312_native-macosx_11_0_arm64.whl", hash = "sha256:fb3ec2c7f54c07b30d89983ce78dc32c37dd06a972448b8716d609493802d628", size = 1937059 },
    { url = "https://files.pythonhosted.org/packages/30/ce/cd0824a2db213dc17113291b7a09b9b0ccd9fbf97daa4b81548703341baf/pydantic_core-2.46.2-graalpy312-graalpy250_312_native-manylinux_2_17_aarch64.manylinux2014_aarch64.whl", hash = "sha256:130a6c837d819ef33e8c2bf702ed2c3429237ea69807f1140943d6f4bdaf52fa", size = 1997278 },
    { url = "https://files.pythonhosted.org/packages/c9/69/47283fe3c0c967d3e9e9cd6c42b70907610c8a6f8d6e8381f1bb55f8006c/pydantic_core-2.46.2-graalpy312-graalpy250_312_native-manylinux_2_17_x86_64.manylinux2014_x86_64.whl", hash = "sha256:c2e25417cec5cd9bddb151e33cb08c50160f317479ecc02b22a95ec18f8fe004", size = 2147096 },
]

[[package]]
name = "python-dotenv"
version = "1.2.2"
source = { registry = "https://pypi.org/simple" }
sdist = { url = "https://files.pythonhosted.org/packages/82/ed/0301aeeac3e5353ef3d94b6ec08bbcabd04a72018415dcb29e588514bba8/python_dotenv-1.2.2.tar.gz", hash = "sha256:2c371a91fbd7ba082c2c1dc1f8bf89ca22564a087c2c287cd9b662adde799cf3", size = 50135 }
wheels = [
    { url = "https://files.pythonhosted.org/packages/0b/d7/1959b9648791274998a9c3526f6d0ec8fd2233e4d4acce81bbae76b44b2a/python_dotenv-1.2.2-py3-none-any.whl", hash = "sha256:1d8214789a24de455a8b8bd8ae6fe3c6b69a5e3d64aa8a8e5d68e694bbcb285a", size = 22101 },
]

[[package]]
name = "sniffio"
version = "1.3.1"
source = { registry = "https://pypi.org/simple" }
sdist = { url = "https://files.pythonhosted.org/packages/a2/87/a6771e1546d97e7e041b6ae58d80074f81b7d5121207425c964ddf5cfdbd/sniffio-1.3.1.tar.gz", hash = "sha256:f4324edc670a0f49750a81b895f35c3adb843cca46f0530f79fc1babb23789dc", size = 20372 }
wheels = [
    { url = "https://files.pythonhosted.org/packages/e9/44/75a9c9421471a6c4805dbf2356f7c181a29c1879239abab1ea2cc8f38b40/sniffio-1.3.1-py3-none-any.whl", hash = "sha256:2f6da418d1f1e0fddd844478f41680e794e6051915791a034ff65e5f100525a2", size = 10235 },
]

[[package]]
name = "tqdm"
version = "4.67.3"
source = { registry = "https://pypi.org/simple" }
dependencies = [
    { name = "colorama", marker = "sys_platform == 'win32'" },
]
sdist = { url = "https://files.pythonhosted.org/packages/09/a9/6ba95a270c6f1fbcd8dac228323f2777d886cb206987444e4bce66338dd4/tqdm-4.67.3.tar.gz", hash = "sha256:7d825f03f89244ef73f1d4ce193cb1774a8179fd96f31d7e1dcde62092b960bb", size = 169598 }
wheels = [
    { url = "https://files.pythonhosted.org/packages/16/e1/3079a9ff9b8e11b846c6ac5c8b5bfb7ff225eee721825310c91b3b50304f/tqdm-4.67.3-py3-none-any.whl", hash = "sha256:ee1e4c0e59148062281c49d80b25b67771a127c85fc9676d3be5f243206826bf", size = 78374 },
]

[[package]]
name = "typing-extensions"
version = "4.15.0"
source = { registry = "https://pypi.org/simple" }
sdist = { url = "https://files.pythonhosted.org/packages/72/94/1a15dd82efb362ac84269196e94cf00f187f7ed21c242792a923cdb1c61f/typing_extensions-4.15.0.tar.gz", hash = "sha256:0cea48d173cc12fa28ecabc3b837ea3cf6f38c6d1136f85cbaaf598984861466", size = 109391 }
wheels = [
    { url = "https://files.pythonhosted.org/packages/18/67/36e9267722cc04a6b9f15c7f3441c2363321a3ea07da7ae0c0707beb2a9c/typing_extensions-4.15.0-py3-none-any.whl", hash = "sha256:f0fa19c6845758ab08074a0cfa8b7aecb71c999ca73d62883bc25cc018c4e548", size = 44614 },
]

[[package]]
name = "typing-inspection"
version = "0.4.2"
source = { registry = "https://pypi.org/simple" }
dependencies = [
    { name = "typing-extensions" },
]
sdist = { url = "https://files.pythonhosted.org/packages/55/e3/70399cb7dd41c10ac53367ae42139cf4b1ca5f36bb3dc6c9d33acdb43655/typing_inspection-0.4.2.tar.gz", hash = "sha256:ba561c48a67c5958007083d386c3295464928b01faa735ab8547c5692e87f464", size = 75949 }
wheels = [
    { url = "https://files.pythonhosted.org/packages/dc/9b/47798a6c91d8bdb567fe2698fe81e0c6b7cb7ef4d13da4114b41d239f65d/typing_inspection-0.4.2-py3-none-any.whl", hash = "sha256:4ed1cacbdc298c220f1bd249ed5287caa16f34d44ef4e9c3d0cbad5b521545e7", size = 14611 },
]
